
Microsoft Visual Studio Solution File, Format Version 12.00
# Visual Studio 14
VisualStudioVersion = 14.0.25420.1
MinimumVisualStudioVersion = 10.0.40219.1
Project("{FAE04EC0-301F-11D3-BF4B-00C04F79EFBC}") = "SCRecover.Core", "SCRecover.Core\SCRecover.Core.csproj", "{4A196CF4-D0A7-4DA9-8EF9-8E7101811C97}"
EndProject
Project("{FAE04EC0-301F-11D3-BF4B-00C04F79EFBC}") = "SCRecover.Droid", "SCRecover.Droid\SCRecover.Droid.csproj", "{D1EB63FF-C058-4AAC-B109-A8874D241951}"
EndProject
Global
	GlobalSection(SolutionConfigurationPlatforms) = preSolution
		Debug|Any CPU = Debug|Any CPU
		Release|Any CPU = Release|Any CPU
	EndGlobalSection
	GlobalSection(ProjectConfigurationPlatforms) = postSolution
		{4A196CF4-D0A7-4DA9-8EF9-8E7101811C97}.Debug|Any CPU.ActiveCfg = Debug|Any CPU
		{4A196CF4-D0A7-4DA9-8EF9-8E7101811C97}.Debug|Any CPU.Build.0 = Debug|Any CPU
		{4A196CF4-D0A7-4DA9-8EF9-8E7101811C97}.Release|Any CPU.ActiveCfg = Release|Any CPU
		{4A196CF4-D0A7-4DA9-8EF9-8E7101811C97}.Release|Any CPU.Build.0 = Release|Any CPU
		{D1EB63FF-C058-4AAC-B109-A8874D241951}.Debug|Any CPU.ActiveCfg = Debug|Any CPU
		{D1EB63FF-C058-4AAC-B109-A8874D241951}.Debug|Any CPU.Build.0 = Debug|Any CPU
		{D1EB63FF-C058-4AAC-B109-A8874D241951}.Debug|Any CPU.Deploy.0 = Debug|Any CPU
		{D1EB63FF-C058-4AAC-B109-A8874D241951}.Release|Any CPU.ActiveCfg = Release|Any CPU
		{D1EB63FF-C058-4AAC-B109-A8874D241951}.Release|Any CPU.Build.0 = Release|Any CPU
		{D1EB63FF-C058-4AAC-B109-A8874D241951}.Release|Any CPU.Deploy.0 = Release|Any CPU
	EndGlobalSection
	GlobalSection(SolutionProperties) = preSolution
		HideSolutionNode = FALSE
	EndGlobalSection
EndGlobal
